
Microsoft Visual Studio Solution File, Format Version 12.00
# Visual Studio Version 17
VisualStudioVersion = 17.4.33110.190
MinimumVisualStudioVersion = 10.0.40219.1
Project("{9A19103F-16F7-4668-BE54-9A1E7A4F7556}") = "FoodService", "FoodService\FoodService.csproj", "{4CFE0B33-F62C-4DCA-985C-D38FD145D7B4}"
EndProject
Project("{9A19103F-16F7-4668-BE54-9A1E7A4F7556}") = "OrderService", "OrderService\OrderService.csproj", "{90CF1C4A-3B50-4782-8E7A-8FA3AD04109A}"
EndProject
Project("{9A19103F-16F7-4668-BE54-9A1E7A4F7556}") = "ApiGateway", "ApiGateway\ApiGateway.csproj", "{EEDA63B7-6ACC-428C-A29C-F309BB8FC974}"
EndProject
Project("{FAE04EC0-301F-11D3-BF4B-00C04F79EFBC}") = "UserService", "UserService\UserService.csproj", "{0D033533-CC39-4179-903D-A126EA60BBBC}"
EndProject
Global
	GlobalSection(SolutionConfigurationPlatforms) = preSolution
		Debug|Any CPU = Debug|Any CPU
		Release|Any CPU = Release|Any CPU
	EndGlobalSection
	GlobalSection(ProjectConfigurationPlatforms) = postSolution
		{4CFE0B33-F62C-4DCA-985C-D38FD145D7B4}.Debug|Any CPU.ActiveCfg = Debug|Any CPU
		{4CFE0B33-F62C-4DCA-985C-D38FD145D7B4}.Debug|Any CPU.Build.0 = Debug|Any CPU
		{4CFE0B33-F62C-4DCA-985C-D38FD145D7B4}.Release|Any CPU.ActiveCfg = Release|Any CPU
		{4CFE0B33-F62C-4DCA-985C-D38FD145D7B4}.Release|Any CPU.Build.0 = Release|Any CPU
		{90CF1C4A-3B50-4782-8E7A-8FA3AD04109A}.Debug|Any CPU.ActiveCfg = Debug|Any CPU
		{90CF1C4A-3B50-4782-8E7A-8FA3AD04109A}.Debug|Any CPU.Build.0 = Debug|Any CPU
		{90CF1C4A-3B50-4782-8E7A-8FA3AD04109A}.Release|Any CPU.ActiveCfg = Release|Any CPU
		{90CF1C4A-3B50-4782-8E7A-8FA3AD04109A}.Release|Any CPU.Build.0 = Release|Any CPU
		{EEDA63B7-6ACC-428C-A29C-F309BB8FC974}.Debug|Any CPU.ActiveCfg = Debug|Any CPU
		{EEDA63B7-6ACC-428C-A29C-F309BB8FC974}.Debug|Any CPU.Build.0 = Debug|Any CPU
		{EEDA63B7-6ACC-428C-A29C-F309BB8FC974}.Release|Any CPU.ActiveCfg = Release|Any CPU
		{EEDA63B7-6ACC-428C-A29C-F309BB8FC974}.Release|Any CPU.Build.0 = Release|Any CPU
		{0D033533-CC39-4179-903D-A126EA60BBBC}.Debug|Any CPU.ActiveCfg = Debug|Any CPU
		{0D033533-CC39-4179-903D-A126EA60BBBC}.Debug|Any CPU.Build.0 = Debug|Any CPU
		{0D033533-CC39-4179-903D-A126EA60BBBC}.Release|Any CPU.ActiveCfg = Release|Any CPU
		{0D033533-CC39-4179-903D-A126EA60BBBC}.Release|Any CPU.Build.0 = Release|Any CPU
	EndGlobalSection
	GlobalSection(SolutionProperties) = preSolution
		HideSolutionNode = FALSE
	EndGlobalSection
	GlobalSection(ExtensibilityGlobals) = postSolution
		SolutionGuid = {E8D54CEF-BB0D-4759-B3D4-188705982AA9}
	EndGlobalSection
EndGlobal
